
Microsoft Visual Studio Solution File, Format Version 12.00
# Visual Studio Version 17
VisualStudioVersion = 17.3.32825.248
MinimumVisualStudioVersion = 10.0.40219.1
Project("{FAE04EC0-301F-11D3-BF4B-00C04F79EFBC}") = "QLTK", "QLTK\QLTK.csproj", "{4967041D-6D32-40FC-96A4-F22333B26ADE}"
EndProject
Project("{9A19103F-16F7-4668-BE54-9A1E7A4F7556}") = "Assembly-CSharp", "Assembly-CSharp.dll\Assembly-CSharp.csproj", "{B6C2B8A6-D70E-4938-8683-6F7ED0BB93D4}"
EndProject
Global
	GlobalSection(SolutionConfigurationPlatforms) = preSolution
		Debug|Any CPU = Debug|Any CPU
		Release|Any CPU = Release|Any CPU
	EndGlobalSection
	GlobalSection(ProjectConfigurationPlatforms) = postSolution
		{4967041D-6D32-40FC-96A4-F22333B26ADE}.Debug|Any CPU.ActiveCfg = Debug|Any CPU
		{4967041D-6D32-40FC-96A4-F22333B26ADE}.Debug|Any CPU.Build.0 = Debug|Any CPU
		{4967041D-6D32-40FC-96A4-F22333B26ADE}.Release|Any CPU.ActiveCfg = Release|Any CPU
		{4967041D-6D32-40FC-96A4-F22333B26ADE}.Release|Any CPU.Build.0 = Release|Any CPU
		{B6C2B8A6-D70E-4938-8683-6F7ED0BB93D4}.Debug|Any CPU.ActiveCfg = Debug|Any CPU
		{B6C2B8A6-D70E-4938-8683-6F7ED0BB93D4}.Debug|Any CPU.Build.0 = Debug|Any CPU
		{B6C2B8A6-D70E-4938-8683-6F7ED0BB93D4}.Release|Any CPU.ActiveCfg = Release|Any CPU
		{B6C2B8A6-D70E-4938-8683-6F7ED0BB93D4}.Release|Any CPU.Build.0 = Release|Any CPU
	EndGlobalSection
	GlobalSection(SolutionProperties) = preSolution
		HideSolutionNode = FALSE
	EndGlobalSection
	GlobalSection(ExtensibilityGlobals) = postSolution
		SolutionGuid = {EBA6720D-5433-4D59-A506-05E81662FE0A}
	EndGlobalSection
EndGlobal
